
Microsoft Visual Studio Solution File, Format Version 12.00
# Visual Studio Version 16
VisualStudioVersion = 16.0.30204.135
MinimumVisualStudioVersion = 10.0.40219.1
Project("{9A19103F-16F7-4668-BE54-9A1E7A4F7556}") = "BookStoreECommerce", "BookStoreECommerce\BookStoreECommerce.csproj", "{FF2B7AED-654F-4427-B4F6-F01536192607}"
EndProject
Project("{FAE04EC0-301F-11D3-BF4B-00C04F79EFBC}") = "BookStoreECommerce.Data", "BookStoreECommerce.Data\BookStoreECommerce.Data.csproj", "{D27F6065-F4C8-4AF7-93EF-D6D8C8460DAC}"
EndProject
Project("{FAE04EC0-301F-11D3-BF4B-00C04F79EFBC}") = "BookStoreECommerce.Service", "BookStoreECommerce.Service\BookStoreECommerce.Service.csproj", "{FDE7BB35-659E-4B9D-B100-85DFFA67C21B}"
EndProject
Global
	GlobalSection(SolutionConfigurationPlatforms) = preSolution
		Debug|Any CPU = Debug|Any CPU
		Release|Any CPU = Release|Any CPU
	EndGlobalSection
	GlobalSection(ProjectConfigurationPlatforms) = postSolution
		{FF2B7AED-654F-4427-B4F6-F01536192607}.Debug|Any CPU.ActiveCfg = Debug|Any CPU
		{FF2B7AED-654F-4427-B4F6-F01536192607}.Debug|Any CPU.Build.0 = Debug|Any CPU
		{FF2B7AED-654F-4427-B4F6-F01536192607}.Release|Any CPU.ActiveCfg = Release|Any CPU
		{FF2B7AED-654F-4427-B4F6-F01536192607}.Release|Any CPU.Build.0 = Release|Any CPU
		{D27F6065-F4C8-4AF7-93EF-D6D8C8460DAC}.Debug|Any CPU.ActiveCfg = Debug|Any CPU
		{D27F6065-F4C8-4AF7-93EF-D6D8C8460DAC}.Debug|Any CPU.Build.0 = Debug|Any CPU
		{D27F6065-F4C8-4AF7-93EF-D6D8C8460DAC}.Release|Any CPU.ActiveCfg = Release|Any CPU
		{D27F6065-F4C8-4AF7-93EF-D6D8C8460DAC}.Release|Any CPU.Build.0 = Release|Any CPU
		{FDE7BB35-659E-4B9D-B100-85DFFA67C21B}.Debug|Any CPU.ActiveCfg = Debug|Any CPU
		{FDE7BB35-659E-4B9D-B100-85DFFA67C21B}.Debug|Any CPU.Build.0 = Debug|Any CPU
		{FDE7BB35-659E-4B9D-B100-85DFFA67C21B}.Release|Any CPU.ActiveCfg = Release|Any CPU
		{FDE7BB35-659E-4B9D-B100-85DFFA67C21B}.Release|Any CPU.Build.0 = Release|Any CPU
	EndGlobalSection
	GlobalSection(SolutionProperties) = preSolution
		HideSolutionNode = FALSE
	EndGlobalSection
	GlobalSection(ExtensibilityGlobals) = postSolution
		SolutionGuid = {ABC091E0-4FFC-419A-A762-A6C1091D9560}
	EndGlobalSection
EndGlobal
